
Microsoft Visual Studio Solution File, Format Version 10.00
# Visual Studio 2008
Project("{FAE04EC0-301F-11D3-BF4B-00C04F79EFBC}") = "Litware.Media.Workflow", "Litware.Media.Workflow\Litware.Media.Workflow.csproj", "{EE8E5A5B-A410-4DAF-A647-6F0A19564ECF}"
EndProject
Project("{FAE04EC0-301F-11D3-BF4B-00C04F79EFBC}") = "Litware.Media.Domain", "Litware.Media.Domain\Litware.Media.Domain.csproj", "{94DD6ED2-A280-4E50-9A12-498676D0A8F1}"
EndProject
Global
	GlobalSection(SolutionConfigurationPlatforms) = preSolution
		Debug|Any CPU = Debug|Any CPU
		Release|Any CPU = Release|Any CPU
	EndGlobalSection
	GlobalSection(ProjectConfigurationPlatforms) = postSolution
		{EE8E5A5B-A410-4DAF-A647-6F0A19564ECF}.Debug|Any CPU.ActiveCfg = Debug|Any CPU
		{EE8E5A5B-A410-4DAF-A647-6F0A19564ECF}.Debug|Any CPU.Build.0 = Debug|Any CPU
		{EE8E5A5B-A410-4DAF-A647-6F0A19564ECF}.Release|Any CPU.ActiveCfg = Release|Any CPU
		{EE8E5A5B-A410-4DAF-A647-6F0A19564ECF}.Release|Any CPU.Build.0 = Release|Any CPU
		{94DD6ED2-A280-4E50-9A12-498676D0A8F1}.Debug|Any CPU.ActiveCfg = Debug|Any CPU
		{94DD6ED2-A280-4E50-9A12-498676D0A8F1}.Debug|Any CPU.Build.0 = Debug|Any CPU
		{94DD6ED2-A280-4E50-9A12-498676D0A8F1}.Release|Any CPU.ActiveCfg = Release|Any CPU
		{94DD6ED2-A280-4E50-9A12-498676D0A8F1}.Release|Any CPU.Build.0 = Release|Any CPU
	EndGlobalSection
	GlobalSection(SolutionProperties) = preSolution
		HideSolutionNode = FALSE
	EndGlobalSection
EndGlobal
